
Microsoft Visual Studio Solution File, Format Version 12.00
# Visual Studio Version 17
VisualStudioVersion = 17.7.34018.315
MinimumVisualStudioVersion = 10.0.40219.1
Project("{FAE04EC0-301F-11D3-BF4B-00C04F79EFBC}") = "SchadPrueba", "SchadPrueba.csproj", "{AE1A571C-921E-48BE-96AE-553216F1B197}"
EndProject
Global
	GlobalSection(SolutionConfigurationPlatforms) = preSolution
		Debug|Any CPU = Debug|Any CPU
		Release|Any CPU = Release|Any CPU
	EndGlobalSection
	GlobalSection(ProjectConfigurationPlatforms) = postSolution
		{AE1A571C-921E-48BE-96AE-553216F1B197}.Debug|Any CPU.ActiveCfg = Debug|Any CPU
		{AE1A571C-921E-48BE-96AE-553216F1B197}.Debug|Any CPU.Build.0 = Debug|Any CPU
		{AE1A571C-921E-48BE-96AE-553216F1B197}.Release|Any CPU.ActiveCfg = Release|Any CPU
		{AE1A571C-921E-48BE-96AE-553216F1B197}.Release|Any CPU.Build.0 = Release|Any CPU
	EndGlobalSection
	GlobalSection(SolutionProperties) = preSolution
		HideSolutionNode = FALSE
	EndGlobalSection
	GlobalSection(ExtensibilityGlobals) = postSolution
		SolutionGuid = {9179110E-3824-44A3-9C85-122DC2B7BC31}
	EndGlobalSection
EndGlobal
